// !$*UTF8*$!
{
	archiveVersion = 1;
	classes = {
	};
	objectVersion = 55;
	objects = {

/* Begin PBXBuildFile section */
		88219A1E28AB9F5E0042288D /* AppDelegate.swift in Sources */ = {isa = PBXBuildFile; fileRef = 88219A1D28AB9F5E0042288D /* AppDelegate.swift */; };
		88219A2028AB9F5E0042288D /* SceneDelegate.swift in Sources */ = {isa = PBXBuildFile; fileRef = 88219A1F28AB9F5E0042288D /* SceneDelegate.swift */; };
		88219A2228AB9F5E0042288D /* ViewController.swift in Sources */ = {isa = PBXBuildFile; fileRef = 88219A2128AB9F5E0042288D /* ViewController.swift */; };
		88219A2728AB9F600042288D /* Assets.xcassets in Resources */ = {isa = PBXBuildFile; fileRef = 88219A2628AB9F600042288D /* Assets.xcassets */; };
		88219A2A28AB9F600042288D /* LaunchScreen.storyboard in Resources */ = {isa = PBXBuildFile; fileRef = 88219A2828AB9F600042288D /* LaunchScreen.storyboard */; };
		88219A3228ABA8F90042288D /* AuthorizationViewController.swift in Sources */ = {isa = PBXBuildFile; fileRef = 88219A3128ABA8F90042288D /* AuthorizationViewController.swift */; };
		88219A3428ABCEE20042288D /* TokenService.swift in Sources */ = {isa = PBXBuildFile; fileRef = 88219A3328ABCEE20042288D /* TokenService.swift */; };
		968F238F28AD4872009ADD6F /* UserProfileFactory.swift in Sources */ = {isa = PBXBuildFile; fileRef = 968F237928AD4872009ADD6F /* UserProfileFactory.swift */; };
		968F239028AD4872009ADD6F /* UserProfileViewController.swift in Sources */ = {isa = PBXBuildFile; fileRef = 968F237A28AD4872009ADD6F /* UserProfileViewController.swift */; };
		968F239128AD4872009ADD6F /* UserProfileSkillsCell.swift in Sources */ = {isa = PBXBuildFile; fileRef = 968F237C28AD4872009ADD6F /* UserProfileSkillsCell.swift */; };
		968F239228AD4872009ADD6F /* UserProfileSkillsView.swift in Sources */ = {isa = PBXBuildFile; fileRef = 968F237D28AD4872009ADD6F /* UserProfileSkillsView.swift */; };
		968F239328AD4872009ADD6F /* UserProfileHeaderView.swift in Sources */ = {isa = PBXBuildFile; fileRef = 968F237E28AD4872009ADD6F /* UserProfileHeaderView.swift */; };
		968F239428AD4872009ADD6F /* UserProfileLocationView.swift in Sources */ = {isa = PBXBuildFile; fileRef = 968F237F28AD4872009ADD6F /* UserProfileLocationView.swift */; };
		968F239528AD4872009ADD6F /* UserProfileView.swift in Sources */ = {isa = PBXBuildFile; fileRef = 968F238028AD4872009ADD6F /* UserProfileView.swift */; };
		968F239628AD4872009ADD6F /* UserProfilePointsView.swift in Sources */ = {isa = PBXBuildFile; fileRef = 968F238128AD4872009ADD6F /* UserProfilePointsView.swift */; };
		968F239728AD4872009ADD6F /* UserProfileProjectsView.swift in Sources */ = {isa = PBXBuildFile; fileRef = 968F238228AD4872009ADD6F /* UserProfileProjectsView.swift */; };
		968F239828AD4872009ADD6F /* UserProfileProgressView.swift in Sources */ = {isa = PBXBuildFile; fileRef = 968F238328AD4872009ADD6F /* UserProfileProgressView.swift */; };
		968F239928AD4872009ADD6F /* UserProfileProjectCell.swift in Sources */ = {isa = PBXBuildFile; fileRef = 968F238428AD4872009ADD6F /* UserProfileProjectCell.swift */; };
		968F239A28AD4872009ADD6F /* UserProfileTextAndImageView.swift in Sources */ = {isa = PBXBuildFile; fileRef = 968F238528AD4872009ADD6F /* UserProfileTextAndImageView.swift */; };
		968F239B28AD4872009ADD6F /* UserProfileInfoView.swift in Sources */ = {isa = PBXBuildFile; fileRef = 968F238628AD4872009ADD6F /* UserProfileInfoView.swift */; };
		968F239C28AD4872009ADD6F /* UserProfileAchievementsView.swift in Sources */ = {isa = PBXBuildFile; fileRef = 968F238728AD4872009ADD6F /* UserProfileAchievementsView.swift */; };
		968F239D28AD4872009ADD6F /* UserProfileAchievementsCell.swift in Sources */ = {isa = PBXBuildFile; fileRef = 968F238828AD4872009ADD6F /* UserProfileAchievementsCell.swift */; };
		968F239E28AD4872009ADD6F /* UserProfileProjectViewModel.swift in Sources */ = {isa = PBXBuildFile; fileRef = 968F238A28AD4872009ADD6F /* UserProfileProjectViewModel.swift */; };
		968F239F28AD4872009ADD6F /* UserProfileViewModel.swift in Sources */ = {isa = PBXBuildFile; fileRef = 968F238B28AD4872009ADD6F /* UserProfileViewModel.swift */; };
		968F23A028AD4872009ADD6F /* UserProfileAchievementsViewModel.swift in Sources */ = {isa = PBXBuildFile; fileRef = 968F238C28AD4872009ADD6F /* UserProfileAchievementsViewModel.swift */; };
		968F23A128AD4872009ADD6F /* UserProfileCursusViewModel.swift in Sources */ = {isa = PBXBuildFile; fileRef = 968F238D28AD4872009ADD6F /* UserProfileCursusViewModel.swift */; };
		968F23A228AD4872009ADD6F /* UserProfileSkillsViewModel.swift in Sources */ = {isa = PBXBuildFile; fileRef = 968F238E28AD4872009ADD6F /* UserProfileSkillsViewModel.swift */; };
/* End PBXBuildFile section */

/* Begin PBXFileReference section */
		88219A1A28AB9F5E0042288D /* rush00.app */ = {isa = PBXFileReference; explicitFileType = wrapper.application; includeInIndex = 0; path = rush00.app; sourceTree = BUILT_PRODUCTS_DIR; };
		88219A1D28AB9F5E0042288D /* AppDelegate.swift */ = {isa = PBXFileReference; lastKnownFileType = sourcecode.swift; path = AppDelegate.swift; sourceTree = "<group>"; };
		88219A1F28AB9F5E0042288D /* SceneDelegate.swift */ = {isa = PBXFileReference; lastKnownFileType = sourcecode.swift; path = SceneDelegate.swift; sourceTree = "<group>"; };
		88219A2128AB9F5E0042288D /* ViewController.swift */ = {isa = PBXFileReference; lastKnownFileType = sourcecode.swift; path = ViewController.swift; sourceTree = "<group>"; };
		88219A2628AB9F600042288D /* Assets.xcassets */ = {isa = PBXFileReference; lastKnownFileType = folder.assetcatalog; path = Assets.xcassets; sourceTree = "<group>"; };
		88219A2928AB9F600042288D /* Base */ = {isa = PBXFileReference; lastKnownFileType = file.storyboard; name = Base; path = Base.lproj/LaunchScreen.storyboard; sourceTree = "<group>"; };
		88219A2B28AB9F600042288D /* Info.plist */ = {isa = PBXFileReference; lastKnownFileType = text.plist.xml; path = Info.plist; sourceTree = "<group>"; };
		88219A3128ABA8F90042288D /* AuthorizationViewController.swift */ = {isa = PBXFileReference; lastKnownFileType = sourcecode.swift; path = AuthorizationViewController.swift; sourceTree = "<group>"; };
		88219A3328ABCEE20042288D /* TokenService.swift */ = {isa = PBXFileReference; lastKnownFileType = sourcecode.swift; path = TokenService.swift; sourceTree = "<group>"; };
		968F237928AD4872009ADD6F /* UserProfileFactory.swift */ = {isa = PBXFileReference; fileEncoding = 4; lastKnownFileType = sourcecode.swift; path = UserProfileFactory.swift; sourceTree = "<group>"; };
		968F237A28AD4872009ADD6F /* UserProfileViewController.swift */ = {isa = PBXFileReference; fileEncoding = 4; lastKnownFileType = sourcecode.swift; path = UserProfileViewController.swift; sourceTree = "<group>"; };
		968F237C28AD4872009ADD6F /* UserProfileSkillsCell.swift */ = {isa = PBXFileReference; fileEncoding = 4; lastKnownFileType = sourcecode.swift; path = UserProfileSkillsCell.swift; sourceTree = "<group>"; };
		968F237D28AD4872009ADD6F /* UserProfileSkillsView.swift */ = {isa = PBXFileReference; fileEncoding = 4; lastKnownFileType = sourcecode.swift; path = UserProfileSkillsView.swift; sourceTree = "<group>"; };
		968F237E28AD4872009ADD6F /* UserProfileHeaderView.swift */ = {isa = PBXFileReference; fileEncoding = 4; lastKnownFileType = sourcecode.swift; path = UserProfileHeaderView.swift; sourceTree = "<group>"; };
		968F237F28AD4872009ADD6F /* UserProfileLocationView.swift */ = {isa = PBXFileReference; fileEncoding = 4; lastKnownFileType = sourcecode.swift; path = UserProfileLocationView.swift; sourceTree = "<group>"; };
		968F238028AD4872009ADD6F /* UserProfileView.swift */ = {isa = PBXFileReference; fileEncoding = 4; lastKnownFileType = sourcecode.swift; path = UserProfileView.swift; sourceTree = "<group>"; };
		968F238128AD4872009ADD6F /* UserProfilePointsView.swift */ = {isa = PBXFileReference; fileEncoding = 4; lastKnownFileType = sourcecode.swift; path = UserProfilePointsView.swift; sourceTree = "<group>"; };
		968F238228AD4872009ADD6F /* UserProfileProjectsView.swift */ = {isa = PBXFileReference; fileEncoding = 4; lastKnownFileType = sourcecode.swift; path = UserProfileProjectsView.swift; sourceTree = "<group>"; };
		968F238328AD4872009ADD6F /* UserProfileProgressView.swift */ = {isa = PBXFileReference; fileEncoding = 4; lastKnownFileType = sourcecode.swift; path = UserProfileProgressView.swift; sourceTree = "<group>"; };
		968F238428AD4872009ADD6F /* UserProfileProjectCell.swift */ = {isa = PBXFileReference; fileEncoding = 4; lastKnownFileType = sourcecode.swift; path = UserProfileProjectCell.swift; sourceTree = "<group>"; };
		968F238528AD4872009ADD6F /* UserProfileTextAndImageView.swift */ = {isa = PBXFileReference; fileEncoding = 4; lastKnownFileType = sourcecode.swift; path = UserProfileTextAndImageView.swift; sourceTree = "<group>"; };
		968F238628AD4872009ADD6F /* UserProfileInfoView.swift */ = {isa = PBXFileReference; fileEncoding = 4; lastKnownFileType = sourcecode.swift; path = UserProfileInfoView.swift; sourceTree = "<group>"; };
		968F238728AD4872009ADD6F /* UserProfileAchievementsView.swift */ = {isa = PBXFileReference; fileEncoding = 4; lastKnownFileType = sourcecode.swift; path = UserProfileAchievementsView.swift; sourceTree = "<group>"; };
		968F238828AD4872009ADD6F /* UserProfileAchievementsCell.swift */ = {isa = PBXFileReference; fileEncoding = 4; lastKnownFileType = sourcecode.swift; path = UserProfileAchievementsCell.swift; sourceTree = "<group>"; };
		968F238A28AD4872009ADD6F /* UserProfileProjectViewModel.swift */ = {isa = PBXFileReference; fileEncoding = 4; lastKnownFileType = sourcecode.swift; path = UserProfileProjectViewModel.swift; sourceTree = "<group>"; };
		968F238B28AD4872009ADD6F /* UserProfileViewModel.swift */ = {isa = PBXFileReference; fileEncoding = 4; lastKnownFileType = sourcecode.swift; path = UserProfileViewModel.swift; sourceTree = "<group>"; };
		968F238C28AD4872009ADD6F /* UserProfileAchievementsViewModel.swift */ = {isa = PBXFileReference; fileEncoding = 4; lastKnownFileType = sourcecode.swift; path = UserProfileAchievementsViewModel.swift; sourceTree = "<group>"; };
		968F238D28AD4872009ADD6F /* UserProfileCursusViewModel.swift */ = {isa = PBXFileReference; fileEncoding = 4; lastKnownFileType = sourcecode.swift; path = UserProfileCursusViewModel.swift; sourceTree = "<group>"; };
		968F238E28AD4872009ADD6F /* UserProfileSkillsViewModel.swift */ = {isa = PBXFileReference; fileEncoding = 4; lastKnownFileType = sourcecode.swift; path = UserProfileSkillsViewModel.swift; sourceTree = "<group>"; };
/* End PBXFileReference section */

/* Begin PBXFrameworksBuildPhase section */
		88219A1728AB9F5E0042288D /* Frameworks */ = {
			isa = PBXFrameworksBuildPhase;
			buildActionMask = 2147483647;
			files = (
			);
			runOnlyForDeploymentPostprocessing = 0;
		};
/* End PBXFrameworksBuildPhase section */

/* Begin PBXGroup section */
		88219A1128AB9F5E0042288D = {
			isa = PBXGroup;
			children = (
				88219A1C28AB9F5E0042288D /* rush00 */,
				88219A1B28AB9F5E0042288D /* Products */,
			);
			sourceTree = "<group>";
		};
		88219A1B28AB9F5E0042288D /* Products */ = {
			isa = PBXGroup;
			children = (
				88219A1A28AB9F5E0042288D /* rush00.app */,
			);
			name = Products;
			sourceTree = "<group>";
		};
		88219A1C28AB9F5E0042288D /* rush00 */ = {
			isa = PBXGroup;
			children = (
				968F237828AC3004009ADD6F /* App */,
				968F1AEA28AC2F59009ADD6F /* Authorization */,
				968F1AE728ABCF31009ADD6F /* UserProfile */,
				968F1AEB28AC2FAE009ADD6F /* TokenService */,
			);
			path = rush00;
			sourceTree = "<group>";
		};
		968F1AE728ABCF31009ADD6F /* UserProfile */ = {
			isa = PBXGroup;
			children = (
				968F238928AD4872009ADD6F /* Model */,
				968F237928AD4872009ADD6F /* UserProfileFactory.swift */,
				968F237A28AD4872009ADD6F /* UserProfileViewController.swift */,
				968F237B28AD4872009ADD6F /* View */,
			);
			path = UserProfile;
			sourceTree = "<group>";
		};
		968F1AEA28AC2F59009ADD6F /* Authorization */ = {
			isa = PBXGroup;
			children = (
				88219A3128ABA8F90042288D /* AuthorizationViewController.swift */,
				88219A2128AB9F5E0042288D /* ViewController.swift */,
			);
			path = Authorization;
			sourceTree = "<group>";
		};
		968F1AEB28AC2FAE009ADD6F /* TokenService */ = {
			isa = PBXGroup;
			children = (
				88219A3328ABCEE20042288D /* TokenService.swift */,
			);
			path = TokenService;
			sourceTree = "<group>";
		};
		968F237828AC3004009ADD6F /* App */ = {
			isa = PBXGroup;
			children = (
				88219A1D28AB9F5E0042288D /* AppDelegate.swift */,
				88219A1F28AB9F5E0042288D /* SceneDelegate.swift */,
				88219A2828AB9F600042288D /* LaunchScreen.storyboard */,
				88219A2628AB9F600042288D /* Assets.xcassets */,
				88219A2B28AB9F600042288D /* Info.plist */,
			);
			path = App;
			sourceTree = "<group>";
		};
		968F237B28AD4872009ADD6F /* View */ = {
			isa = PBXGroup;
			children = (
				968F237C28AD4872009ADD6F /* UserProfileSkillsCell.swift */,
				968F237D28AD4872009ADD6F /* UserProfileSkillsView.swift */,
				968F237E28AD4872009ADD6F /* UserProfileHeaderView.swift */,
				968F237F28AD4872009ADD6F /* UserProfileLocationView.swift */,
				968F238028AD4872009ADD6F /* UserProfileView.swift */,
				968F238128AD4872009ADD6F /* UserProfilePointsView.swift */,
				968F238228AD4872009ADD6F /* UserProfileProjectsView.swift */,
				968F238328AD4872009ADD6F /* UserProfileProgressView.swift */,
				968F238428AD4872009ADD6F /* UserProfileProjectCell.swift */,
				968F238528AD4872009ADD6F /* UserProfileTextAndImageView.swift */,
				968F238628AD4872009ADD6F /* UserProfileInfoView.swift */,
				968F238728AD4872009ADD6F /* UserProfileAchievementsView.swift */,
				968F238828AD4872009ADD6F /* UserProfileAchievementsCell.swift */,
			);
			path = View;
			sourceTree = "<group>";
		};
		968F238928AD4872009ADD6F /* Model */ = {
			isa = PBXGroup;
			children = (
				968F238A28AD4872009ADD6F /* UserProfileProjectViewModel.swift */,
				968F238B28AD4872009ADD6F /* UserProfileViewModel.swift */,
				968F238C28AD4872009ADD6F /* UserProfileAchievementsViewModel.swift */,
				968F238D28AD4872009ADD6F /* UserProfileCursusViewModel.swift */,
				968F238E28AD4872009ADD6F /* UserProfileSkillsViewModel.swift */,
			);
			path = Model;
			sourceTree = "<group>";
		};
/* End PBXGroup section */

/* Begin PBXNativeTarget section */
		88219A1928AB9F5E0042288D /* rush00 */ = {
			isa = PBXNativeTarget;
			buildConfigurationList = 88219A2E28AB9F600042288D /* Build configuration list for PBXNativeTarget "rush00" */;
			buildPhases = (
				88219A1628AB9F5E0042288D /* Sources */,
				88219A1728AB9F5E0042288D /* Frameworks */,
				88219A1828AB9F5E0042288D /* Resources */,
			);
			buildRules = (
			);
			dependencies = (
			);
			name = rush00;
			productName = rush00;
			productReference = 88219A1A28AB9F5E0042288D /* rush00.app */;
			productType = "com.apple.product-type.application";
		};
/* End PBXNativeTarget section */

/* Begin PBXProject section */
		88219A1228AB9F5E0042288D /* Project object */ = {
			isa = PBXProject;
			attributes = {
				BuildIndependentTargetsInParallel = 1;
				LastSwiftUpdateCheck = 1300;
				LastUpgradeCheck = 1300;
				TargetAttributes = {
					88219A1928AB9F5E0042288D = {
						CreatedOnToolsVersion = 13.0;
					};
				};
			};
			buildConfigurationList = 88219A1528AB9F5E0042288D /* Build configuration list for PBXProject "rush00" */;
			compatibilityVersion = "Xcode 13.0";
			developmentRegion = en;
			hasScannedForEncodings = 0;
			knownRegions = (
				en,
				Base,
			);
			mainGroup = 88219A1128AB9F5E0042288D;
			productRefGroup = 88219A1B28AB9F5E0042288D /* Products */;
			projectDirPath = "";
			projectRoot = "";
			targets = (
				88219A1928AB9F5E0042288D /* rush00 */,
			);
		};
/* End PBXProject section */

/* Begin PBXResourcesBuildPhase section */
		88219A1828AB9F5E0042288D /* Resources */ = {
			isa = PBXResourcesBuildPhase;
			buildActionMask = 2147483647;
			files = (
				88219A2A28AB9F600042288D /* LaunchScreen.storyboard in Resources */,
				88219A2728AB9F600042288D /* Assets.xcassets in Resources */,
			);
			runOnlyForDeploymentPostprocessing = 0;
		};
/* End PBXResourcesBuildPhase section */

/* Begin PBXSourcesBuildPhase section */
		88219A1628AB9F5E0042288D /* Sources */ = {
			isa = PBXSourcesBuildPhase;
			buildActionMask = 2147483647;
			files = (
				968F239F28AD4872009ADD6F /* UserProfileViewModel.swift in Sources */,
				88219A2228AB9F5E0042288D /* ViewController.swift in Sources */,
				968F23A228AD4872009ADD6F /* UserProfileSkillsViewModel.swift in Sources */,
				968F239028AD4872009ADD6F /* UserProfileViewController.swift in Sources */,
				968F239328AD4872009ADD6F /* UserProfileHeaderView.swift in Sources */,
				88219A1E28AB9F5E0042288D /* AppDelegate.swift in Sources */,
				968F239528AD4872009ADD6F /* UserProfileView.swift in Sources */,
				968F239628AD4872009ADD6F /* UserProfilePointsView.swift in Sources */,
				88219A2028AB9F5E0042288D /* SceneDelegate.swift in Sources */,
				968F239828AD4872009ADD6F /* UserProfileProgressView.swift in Sources */,
				968F239928AD4872009ADD6F /* UserProfileProjectCell.swift in Sources */,
				968F239A28AD4872009ADD6F /* UserProfileTextAndImageView.swift in Sources */,
				968F239128AD4872009ADD6F /* UserProfileSkillsCell.swift in Sources */,
				88219A3228ABA8F90042288D /* AuthorizationViewController.swift in Sources */,
				968F239C28AD4872009ADD6F /* UserProfileAchievementsView.swift in Sources */,
				968F239428AD4872009ADD6F /* UserProfileLocationView.swift in Sources */,
				968F238F28AD4872009ADD6F /* UserProfileFactory.swift in Sources */,
				968F23A028AD4872009ADD6F /* UserProfileAchievementsViewModel.swift in Sources */,
				968F239B28AD4872009ADD6F /* UserProfileInfoView.swift in Sources */,
				968F239E28AD4872009ADD6F /* UserProfileProjectViewModel.swift in Sources */,
				968F239D28AD4872009ADD6F /* UserProfileAchievementsCell.swift in Sources */,
				88219A3428ABCEE20042288D /* TokenService.swift in Sources */,
				968F239228AD4872009ADD6F /* UserProfileSkillsView.swift in Sources */,
				968F23A128AD4872009ADD6F /* UserProfileCursusViewModel.swift in Sources */,
				968F239728AD4872009ADD6F /* UserProfileProjectsView.swift in Sources */,
			);
			runOnlyForDeploymentPostprocessing = 0;
		};
/* End PBXSourcesBuildPhase section */

/* Begin PBXVariantGroup section */
		88219A2828AB9F600042288D /* LaunchScreen.storyboard */ = {
			isa = PBXVariantGroup;
			children = (
				88219A2928AB9F600042288D /* Base */,
			);
			name = LaunchScreen.storyboard;
			sourceTree = "<group>";
		};
/* End PBXVariantGroup section */

/* Begin XCBuildConfiguration section */
		88219A2C28AB9F600042288D /* Debug */ = {
			isa = XCBuildConfiguration;
			buildSettings = {
				ALWAYS_SEARCH_USER_PATHS = NO;
				CLANG_ANALYZER_NONNULL = YES;
				CLANG_ANALYZER_NUMBER_OBJECT_CONVERSION = YES_AGGRESSIVE;
				CLANG_CXX_LANGUAGE_STANDARD = "gnu++17";
				CLANG_CXX_LIBRARY = "libc++";
				CLANG_ENABLE_MODULES = YES;
				CLANG_ENABLE_OBJC_ARC = YES;
				CLANG_ENABLE_OBJC_WEAK = YES;
				CLANG_WARN_BLOCK_CAPTURE_AUTORELEASING = YES;
				CLANG_WARN_BOOL_CONVERSION = YES;
				CLANG_WARN_COMMA = YES;
				CLANG_WARN_CONSTANT_CONVERSION = YES;
				CLANG_WARN_DEPRECATED_OBJC_IMPLEMENTATIONS = YES;
				CLANG_WARN_DIRECT_OBJC_ISA_USAGE = YES_ERROR;
				CLANG_WARN_DOCUMENTATION_COMMENTS = YES;
				CLANG_WARN_EMPTY_BODY = YES;
				CLANG_WARN_ENUM_CONVERSION = YES;
				CLANG_WARN_INFINITE_RECURSION = YES;
				CLANG_WARN_INT_CONVERSION = YES;
				CLANG_WARN_NON_LITERAL_NULL_CONVERSION = YES;
				CLANG_WARN_OBJC_IMPLICIT_RETAIN_SELF = YES;
				CLANG_WARN_OBJC_LITERAL_CONVERSION = YES;
				CLANG_WARN_OBJC_ROOT_CLASS = YES_ERROR;
				CLANG_WARN_QUOTED_INCLUDE_IN_FRAMEWORK_HEADER = YES;
				CLANG_WARN_RANGE_LOOP_ANALYSIS = YES;
				CLANG_WARN_STRICT_PROTOTYPES = YES;
				CLANG_WARN_SUSPICIOUS_MOVE = YES;
				CLANG_WARN_UNGUARDED_AVAILABILITY = YES_AGGRESSIVE;
				CLANG_WARN_UNREACHABLE_CODE = YES;
				CLANG_WARN__DUPLICATE_METHOD_MATCH = YES;
				COPY_PHASE_STRIP = NO;
				DEBUG_INFORMATION_FORMAT = dwarf;
				ENABLE_STRICT_OBJC_MSGSEND = YES;
				ENABLE_TESTABILITY = YES;
				GCC_C_LANGUAGE_STANDARD = gnu11;
				GCC_DYNAMIC_NO_PIC = NO;
				GCC_NO_COMMON_BLOCKS = YES;
				GCC_OPTIMIZATION_LEVEL = 0;
				GCC_PREPROCESSOR_DEFINITIONS = (
					"DEBUG=1",
					"$(inherited)",
				);
				GCC_WARN_64_TO_32_BIT_CONVERSION = YES;
				GCC_WARN_ABOUT_RETURN_TYPE = YES_ERROR;
				GCC_WARN_UNDECLARED_SELECTOR = YES;
				GCC_WARN_UNINITIALIZED_AUTOS = YES_AGGRESSIVE;
				GCC_WARN_UNUSED_FUNCTION = YES;
				GCC_WARN_UNUSED_VARIABLE = YES;
				IPHONEOS_DEPLOYMENT_TARGET = 15.0;
				MTL_ENABLE_DEBUG_INFO = INCLUDE_SOURCE;
				MTL_FAST_MATH = YES;
				ONLY_ACTIVE_ARCH = YES;
				SDKROOT = iphoneos;
				SWIFT_ACTIVE_COMPILATION_CONDITIONS = DEBUG;
				SWIFT_OPTIMIZATION_LEVEL = "-Onone";
			};
			name = Debug;
		};
		88219A2D28AB9F600042288D /* Release */ = {
			isa = XCBuildConfiguration;
			buildSettings = {
				ALWAYS_SEARCH_USER_PATHS = NO;
				CLANG_ANALYZER_NONNULL = YES;
				CLANG_ANALYZER_NUMBER_OBJECT_CONVERSION = YES_AGGRESSIVE;
				CLANG_CXX_LANGUAGE_STANDARD = "gnu++17";
				CLANG_CXX_LIBRARY = "libc++";
				CLANG_ENABLE_MODULES = YES;
				CLANG_ENABLE_OBJC_ARC = YES;
				CLANG_ENABLE_OBJC_WEAK = YES;
				CLANG_WARN_BLOCK_CAPTURE_AUTORELEASING = YES;
				CLANG_WARN_BOOL_CONVERSION = YES;
				CLANG_WARN_COMMA = YES;
				CLANG_WARN_CONSTANT_CONVERSION = YES;
				CLANG_WARN_DEPRECATED_OBJC_IMPLEMENTATIONS = YES;
				CLANG_WARN_DIRECT_OBJC_ISA_USAGE = YES_ERROR;
				CLANG_WARN_DOCUMENTATION_COMMENTS = YES;
				CLANG_WARN_EMPTY_BODY = YES;
				CLANG_WARN_ENUM_CONVERSION = YES;
				CLANG_WARN_INFINITE_RECURSION = YES;
				CLANG_WARN_INT_CONVERSION = YES;
				CLANG_WARN_NON_LITERAL_NULL_CONVERSION = YES;
				CLANG_WARN_OBJC_IMPLICIT_RETAIN_SELF = YES;
				CLANG_WARN_OBJC_LITERAL_CONVERSION = YES;
				CLANG_WARN_OBJC_ROOT_CLASS = YES_ERROR;
				CLANG_WARN_QUOTED_INCLUDE_IN_FRAMEWORK_HEADER = YES;
				CLANG_WARN_RANGE_LOOP_ANALYSIS = YES;
				CLANG_WARN_STRICT_PROTOTYPES = YES;
				CLANG_WARN_SUSPICIOUS_MOVE = YES;
				CLANG_WARN_UNGUARDED_AVAILABILITY = YES_AGGRESSIVE;
				CLANG_WARN_UNREACHABLE_CODE = YES;
				CLANG_WARN__DUPLICATE_METHOD_MATCH = YES;
				COPY_PHASE_STRIP = NO;
				DEBUG_INFORMATION_FORMAT = "dwarf-with-dsym";
				ENABLE_NS_ASSERTIONS = NO;
				ENABLE_STRICT_OBJC_MSGSEND = YES;
				GCC_C_LANGUAGE_STANDARD = gnu11;
				GCC_NO_COMMON_BLOCKS = YES;
				GCC_WARN_64_TO_32_BIT_CONVERSION = YES;
				GCC_WARN_ABOUT_RETURN_TYPE = YES_ERROR;
				GCC_WARN_UNDECLARED_SELECTOR = YES;
				GCC_WARN_UNINITIALIZED_AUTOS = YES_AGGRESSIVE;
				GCC_WARN_UNUSED_FUNCTION = YES;
				GCC_WARN_UNUSED_VARIABLE = YES;
				IPHONEOS_DEPLOYMENT_TARGET = 15.0;
				MTL_ENABLE_DEBUG_INFO = NO;
				MTL_FAST_MATH = YES;
				SDKROOT = iphoneos;
				SWIFT_COMPILATION_MODE = wholemodule;
				SWIFT_OPTIMIZATION_LEVEL = "-O";
				VALIDATE_PRODUCT = YES;
			};
			name = Release;
		};
		88219A2F28AB9F600042288D /* Debug */ = {
			isa = XCBuildConfiguration;
			buildSettings = {
				ASSETCATALOG_COMPILER_APPICON_NAME = AppIcon;
				ASSETCATALOG_COMPILER_GLOBAL_ACCENT_COLOR_NAME = AccentColor;
				CODE_SIGN_STYLE = Automatic;
				CURRENT_PROJECT_VERSION = 1;
				DEVELOPMENT_TEAM = 2CL9D6MA7H;
				GENERATE_INFOPLIST_FILE = YES;
				INFOPLIST_FILE = rush00/App/Info.plist;
				INFOPLIST_KEY_UIApplicationSupportsIndirectInputEvents = YES;
				INFOPLIST_KEY_UILaunchStoryboardName = LaunchScreen;
				INFOPLIST_KEY_UISupportedInterfaceOrientations = "UIInterfaceOrientationLandscapeLeft UIInterfaceOrientationLandscapeRight UIInterfaceOrientationPortrait";
				INFOPLIST_KEY_UISupportedInterfaceOrientations_iPad = "UIInterfaceOrientationPortrait UIInterfaceOrientationPortraitUpsideDown UIInterfaceOrientationLandscapeLeft UIInterfaceOrientationLandscapeRight";
				INFOPLIST_KEY_UISupportedInterfaceOrientations_iPhone = "UIInterfaceOrientationPortrait UIInterfaceOrientationLandscapeLeft UIInterfaceOrientationLandscapeRight";
				LD_RUNPATH_SEARCH_PATHS = (
					"$(inherited)",
					"@executable_path/Frameworks",
				);
				MARKETING_VERSION = 1.0;
				PRODUCT_BUNDLE_IDENTIFIER = ru.mycompany.rush00;
				PRODUCT_NAME = "$(TARGET_NAME)";
				SWIFT_EMIT_LOC_STRINGS = YES;
				SWIFT_VERSION = 5.0;
				TARGETED_DEVICE_FAMILY = "1,2";
			};
			name = Debug;
		};
		88219A3028AB9F600042288D /* Release */ = {
			isa = XCBuildConfiguration;
			buildSettings = {
				ASSETCATALOG_COMPILER_APPICON_NAME = AppIcon;
				ASSETCATALOG_COMPILER_GLOBAL_ACCENT_COLOR_NAME = AccentColor;
				CODE_SIGN_STYLE = Automatic;
				CURRENT_PROJECT_VERSION = 1;
				DEVELOPMENT_TEAM = 2CL9D6MA7H;
				GENERATE_INFOPLIST_FILE = YES;
				INFOPLIST_FILE = rush00/App/Info.plist;
				INFOPLIST_KEY_UIApplicationSupportsIndirectInputEvents = YES;
				INFOPLIST_KEY_UILaunchStoryboardName = LaunchScreen;
				INFOPLIST_KEY_UISupportedInterfaceOrientations = "UIInterfaceOrientationLandscapeLeft UIInterfaceOrientationLandscapeRight UIInterfaceOrientationPortrait";
				INFOPLIST_KEY_UISupportedInterfaceOrientations_iPad = "UIInterfaceOrientationPortrait UIInterfaceOrientationPortraitUpsideDown UIInterfaceOrientationLandscapeLeft UIInterfaceOrientationLandscapeRight";
				INFOPLIST_KEY_UISupportedInterfaceOrientations_iPhone = "UIInterfaceOrientationPortrait UIInterfaceOrientationLandscapeLeft UIInterfaceOrientationLandscapeRight";
				LD_RUNPATH_SEARCH_PATHS = (
					"$(inherited)",
					"@executable_path/Frameworks",
				);
				MARKETING_VERSION = 1.0;
				PRODUCT_BUNDLE_IDENTIFIER = ru.mycompany.rush00;
				PRODUCT_NAME = "$(TARGET_NAME)";
				SWIFT_EMIT_LOC_STRINGS = YES;
				SWIFT_VERSION = 5.0;
				TARGETED_DEVICE_FAMILY = "1,2";
			};
			name = Release;
		};
/* End XCBuildConfiguration section */

/* Begin XCConfigurationList section */
		88219A1528AB9F5E0042288D /* Build configuration list for PBXProject "rush00" */ = {
			isa = XCConfigurationList;
			buildConfigurations = (
				88219A2C28AB9F600042288D /* Debug */,
				88219A2D28AB9F600042288D /* Release */,
			);
			defaultConfigurationIsVisible = 0;
			defaultConfigurationName = Release;
		};
		88219A2E28AB9F600042288D /* Build configuration list for PBXNativeTarget "rush00" */ = {
			isa = XCConfigurationList;
			buildConfigurations = (
				88219A2F28AB9F600042288D /* Debug */,
				88219A3028AB9F600042288D /* Release */,
			);
			defaultConfigurationIsVisible = 0;
			defaultConfigurationName = Release;
		};
/* End XCConfigurationList section */
	};
	rootObject = 88219A1228AB9F5E0042288D /* Project object */;
}
